
Microsoft Visual Studio Solution File, Format Version 12.00
# Visual Studio Version 17
VisualStudioVersion = 17.5.002.0
MinimumVisualStudioVersion = 10.0.40219.1
Project("{9A19103F-16F7-4668-BE54-9A1E7A4F7556}") = "avaloniaDemo", "avaloniaDemo.csproj", "{0C2E24BF-5C14-4D19-BB61-A445321A3ADB}"
EndProject
Global
	GlobalSection(SolutionConfigurationPlatforms) = preSolution
		Debug|Any CPU = Debug|Any CPU
		Release|Any CPU = Release|Any CPU
	EndGlobalSection
	GlobalSection(ProjectConfigurationPlatforms) = postSolution
		{0C2E24BF-5C14-4D19-BB61-A445321A3ADB}.Debug|Any CPU.ActiveCfg = Debug|Any CPU
		{0C2E24BF-5C14-4D19-BB61-A445321A3ADB}.Debug|Any CPU.Build.0 = Debug|Any CPU
		{0C2E24BF-5C14-4D19-BB61-A445321A3ADB}.Release|Any CPU.ActiveCfg = Release|Any CPU
		{0C2E24BF-5C14-4D19-BB61-A445321A3ADB}.Release|Any CPU.Build.0 = Release|Any CPU
	EndGlobalSection
	GlobalSection(SolutionProperties) = preSolution
		HideSolutionNode = FALSE
	EndGlobalSection
	GlobalSection(ExtensibilityGlobals) = postSolution
		SolutionGuid = {7F782785-8ADA-46B6-80C1-386D962D7894}
	EndGlobalSection
EndGlobal
